
Microsoft Visual Studio Solution File, Format Version 12.00
# Visual Studio Version 17
VisualStudioVersion = 17.4.33205.214
MinimumVisualStudioVersion = 10.0.40219.1
Project("{9A19103F-16F7-4668-BE54-9A1E7A4F7556}") = "Assignment", "Assignment\Assignment.csproj", "{34BF0C62-5CD7-4D28-B1CC-03A26207D409}"
EndProject
Global
	GlobalSection(SolutionConfigurationPlatforms) = preSolution
		Debug|Any CPU = Debug|Any CPU
		Release|Any CPU = Release|Any CPU
	EndGlobalSection
	GlobalSection(ProjectConfigurationPlatforms) = postSolution
		{34BF0C62-5CD7-4D28-B1CC-03A26207D409}.Debug|Any CPU.ActiveCfg = Debug|Any CPU
		{34BF0C62-5CD7-4D28-B1CC-03A26207D409}.Debug|Any CPU.Build.0 = Debug|Any CPU
		{34BF0C62-5CD7-4D28-B1CC-03A26207D409}.Release|Any CPU.ActiveCfg = Release|Any CPU
		{34BF0C62-5CD7-4D28-B1CC-03A26207D409}.Release|Any CPU.Build.0 = Release|Any CPU
	EndGlobalSection
	GlobalSection(SolutionProperties) = preSolution
		HideSolutionNode = FALSE
	EndGlobalSection
	GlobalSection(ExtensibilityGlobals) = postSolution
		SolutionGuid = {39C1AE98-EAE1-4E15-A47A-70A81C999266}
	EndGlobalSection
EndGlobal
